
Microsoft Visual Studio Solution File, Format Version 12.00
# Visual Studio Version 16
VisualStudioVersion = 16.0.30621.155
MinimumVisualStudioVersion = 10.0.40219.1
Project("{FAE04EC0-301F-11D3-BF4B-00C04F79EFBC}") = "RoroZoo.Api", "RoroZoo.Api\RoroZoo.Api.csproj", "{941FEE99-D713-4668-B823-9E12C719F79C}"
EndProject
Global
	GlobalSection(SolutionConfigurationPlatforms) = preSolution
		Debug|Any CPU = Debug|Any CPU
		Release|Any CPU = Release|Any CPU
	EndGlobalSection
	GlobalSection(ProjectConfigurationPlatforms) = postSolution
		{941FEE99-D713-4668-B823-9E12C719F79C}.Debug|Any CPU.ActiveCfg = Debug|Any CPU
		{941FEE99-D713-4668-B823-9E12C719F79C}.Debug|Any CPU.Build.0 = Debug|Any CPU
		{941FEE99-D713-4668-B823-9E12C719F79C}.Release|Any CPU.ActiveCfg = Release|Any CPU
		{941FEE99-D713-4668-B823-9E12C719F79C}.Release|Any CPU.Build.0 = Release|Any CPU
	EndGlobalSection
	GlobalSection(SolutionProperties) = preSolution
		HideSolutionNode = FALSE
	EndGlobalSection
	GlobalSection(ExtensibilityGlobals) = postSolution
		SolutionGuid = {097B1B49-788A-4CDE-BB83-3795E9EA1FAD}
	EndGlobalSection
EndGlobal
